// !$*UTF8*$!
{
	archiveVersion = 1;
	classes = {
	};
	objectVersion = 46;
	objects = {

/* Begin PBXBuildFile section */
		FB766A0514A0A84C004D4055 /* UIKit.framework in Frameworks */ = {isa = PBXBuildFile; fileRef = FB766A0414A0A84C004D4055 /* UIKit.framework */; };
		FB766A0714A0A84C004D4055 /* Foundation.framework in Frameworks */ = {isa = PBXBuildFile; fileRef = FB766A0614A0A84C004D4055 /* Foundation.framework */; };
		FB766A0914A0A84C004D4055 /* CoreGraphics.framework in Frameworks */ = {isa = PBXBuildFile; fileRef = FB766A0814A0A84C004D4055 /* CoreGraphics.framework */; };
		FB766A0F14A0A84C004D4055 /* InfoPlist.strings in Resources */ = {isa = PBXBuildFile; fileRef = FB766A0D14A0A84C004D4055 /* InfoPlist.strings */; };
		FB766A1114A0A84C004D4055 /* main.m in Sources */ = {isa = PBXBuildFile; fileRef = FB766A1014A0A84C004D4055 /* main.m */; };
		FB766A1514A0A84C004D4055 /* CalculatorAppDelegate.m in Sources */ = {isa = PBXBuildFile; fileRef = FB766A1414A0A84C004D4055 /* CalculatorAppDelegate.m */; };
		FB766A1814A0A84C004D4055 /* MainStoryboard.storyboard in Resources */ = {isa = PBXBuildFile; fileRef = FB766A1614A0A84C004D4055 /* MainStoryboard.storyboard */; };
		FB766A1B14A0A84C004D4055 /* CalculatorViewController.m in Sources */ = {isa = PBXBuildFile; fileRef = FB766A1A14A0A84C004D4055 /* CalculatorViewController.m */; };
		FB766A2314A0B56A004D4055 /* CalculatorBrain.m in Sources */ = {isa = PBXBuildFile; fileRef = FB766A2214A0B56A004D4055 /* CalculatorBrain.m */; };
/* End PBXBuildFile section */

/* Begin PBXFileReference section */
		FB766A0014A0A84C004D4055 /* Calculator.app */ = {isa = PBXFileReference; explicitFileType = wrapper.application; includeInIndex = 0; path = Calculator.app; sourceTree = BUILT_PRODUCTS_DIR; };
		FB766A0414A0A84C004D4055 /* UIKit.framework */ = {isa = PBXFileReference; lastKnownFileType = wrapper.framework; name = UIKit.framework; path = System/Library/Frameworks/UIKit.framework; sourceTree = SDKROOT; };
		FB766A0614A0A84C004D4055 /* Foundation.framework */ = {isa = PBXFileReference; lastKnownFileType = wrapper.framework; name = Foundation.framework; path = System/Library/Frameworks/Foundation.framework; sourceTree = SDKROOT; };
		FB766A0814A0A84C004D4055 /* CoreGraphics.framework */ = {isa = PBXFileReference; lastKnownFileType = wrapper.framework; name = CoreGraphics.framework; path = System/Library/Frameworks/CoreGraphics.framework; sourceTree = SDKROOT; };
		FB766A0C14A0A84C004D4055 /* Calculator-Info.plist */ = {isa = PBXFileReference; lastKnownFileType = text.plist.xml; path = "Calculator-Info.plist"; sourceTree = "<group>"; };
		FB766A0E14A0A84C004D4055 /* en */ = {isa = PBXFileReference; lastKnownFileType = text.plist.strings; name = en; path = en.lproj/InfoPlist.strings; sourceTree = "<group>"; };
		FB766A1014A0A84C004D4055 /* main.m */ = {isa = PBXFileReference; lastKnownFileType = sourcecode.c.objc; path = main.m; sourceTree = "<group>"; };
		FB766A1214A0A84C004D4055 /* Calculator-Prefix.pch */ = {isa = PBXFileReference; lastKnownFileType = sourcecode.c.h; path = "Calculator-Prefix.pch"; sourceTree = "<group>"; };
		FB766A1314A0A84C004D4055 /* CalculatorAppDelegate.h */ = {isa = PBXFileReference; lastKnownFileType = sourcecode.c.h; path = CalculatorAppDelegate.h; sourceTree = "<group>"; };
		FB766A1414A0A84C004D4055 /* CalculatorAppDelegate.m */ = {isa = PBXFileReference; lastKnownFileType = sourcecode.c.objc; path = CalculatorAppDelegate.m; sourceTree = "<group>"; };
		FB766A1714A0A84C004D4055 /* en */ = {isa = PBXFileReference; lastKnownFileType = file.storyboard; name = en; path = en.lproj/MainStoryboard.storyboard; sourceTree = "<group>"; };
		FB766A1914A0A84C004D4055 /* CalculatorViewController.h */ = {isa = PBXFileReference; lastKnownFileType = sourcecode.c.h; path = CalculatorViewController.h; sourceTree = "<group>"; };
		FB766A1A14A0A84C004D4055 /* CalculatorViewController.m */ = {isa = PBXFileReference; lastKnownFileType = sourcecode.c.objc; path = CalculatorViewController.m; sourceTree = "<group>"; };
		FB766A2114A0B56A004D4055 /* CalculatorBrain.h */ = {isa = PBXFileReference; fileEncoding = 4; lastKnownFileType = sourcecode.c.h; path = CalculatorBrain.h; sourceTree = "<group>"; };
		FB766A2214A0B56A004D4055 /* CalculatorBrain.m */ = {isa = PBXFileReference; fileEncoding = 4; lastKnownFileType = sourcecode.c.objc; path = CalculatorBrain.m; sourceTree = "<group>"; };
/* End PBXFileReference section */

/* Begin PBXFrameworksBuildPhase section */
		FB7669FD14A0A84C004D4055 /* Frameworks */ = {
			isa = PBXFrameworksBuildPhase;
			buildActionMask = 2147483647;
			files = (
				FB766A0514A0A84C004D4055 /* UIKit.framework in Frameworks */,
				FB766A0714A0A84C004D4055 /* Foundation.framework in Frameworks */,
				FB766A0914A0A84C004D4055 /* CoreGraphics.framework in Frameworks */,
			);
			runOnlyForDeploymentPostprocessing = 0;
		};
/* End PBXFrameworksBuildPhase section */

/* Begin PBXGroup section */
		FB7669F514A0A84B004D4055 = {
			isa = PBXGroup;
			children = (
				FB766A0A14A0A84C004D4055 /* Calculator */,
				FB766A0314A0A84C004D4055 /* Frameworks */,
				FB766A0114A0A84C004D4055 /* Products */,
			);
			sourceTree = "<group>";
		};
		FB766A0114A0A84C004D4055 /* Products */ = {
			isa = PBXGroup;
			children = (
				FB766A0014A0A84C004D4055 /* Calculator.app */,
			);
			name = Products;
			sourceTree = "<group>";
		};
		FB766A0314A0A84C004D4055 /* Frameworks */ = {
			isa = PBXGroup;
			children = (
				FB766A0414A0A84C004D4055 /* UIKit.framework */,
				FB766A0614A0A84C004D4055 /* Foundation.framework */,
				FB766A0814A0A84C004D4055 /* CoreGraphics.framework */,
			);
			name = Frameworks;
			sourceTree = "<group>";
		};
		FB766A0A14A0A84C004D4055 /* Calculator */ = {
			isa = PBXGroup;
			children = (
				FB766A2114A0B56A004D4055 /* CalculatorBrain.h */,
				FB766A2214A0B56A004D4055 /* CalculatorBrain.m */,
				FB766A1314A0A84C004D4055 /* CalculatorAppDelegate.h */,
				FB766A1414A0A84C004D4055 /* CalculatorAppDelegate.m */,
				FB766A1614A0A84C004D4055 /* MainStoryboard.storyboard */,
				FB766A1914A0A84C004D4055 /* CalculatorViewController.h */,
				FB766A1A14A0A84C004D4055 /* CalculatorViewController.m */,
				FB766A0B14A0A84C004D4055 /* Supporting Files */,
			);
			path = Calculator;
			sourceTree = "<group>";
		};
		FB766A0B14A0A84C004D4055 /* Supporting Files */ = {
			isa = PBXGroup;
			children = (
				FB766A0C14A0A84C004D4055 /* Calculator-Info.plist */,
				FB766A0D14A0A84C004D4055 /* InfoPlist.strings */,
				FB766A1014A0A84C004D4055 /* main.m */,
				FB766A1214A0A84C004D4055 /* Calculator-Prefix.pch */,
			);
			name = "Supporting Files";
			sourceTree = "<group>";
		};
/* End PBXGroup section */

/* Begin PBXNativeTarget section */
		FB7669FF14A0A84C004D4055 /* Calculator */ = {
			isa = PBXNativeTarget;
			buildConfigurationList = FB766A1E14A0A84C004D4055 /* Build configuration list for PBXNativeTarget "Calculator" */;
			buildPhases = (
				FB7669FC14A0A84C004D4055 /* Sources */,
				FB7669FD14A0A84C004D4055 /* Frameworks */,
				FB7669FE14A0A84C004D4055 /* Resources */,
			);
			buildRules = (
			);
			dependencies = (
			);
			name = Calculator;
			productName = Calculator;
			productReference = FB766A0014A0A84C004D4055 /* Calculator.app */;
			productType = "com.apple.product-type.application";
		};
/* End PBXNativeTarget section */

/* Begin PBXProject section */
		FB7669F714A0A84B004D4055 /* Project object */ = {
			isa = PBXProject;
			attributes = {
				LastUpgradeCheck = 0420;
			};
			buildConfigurationList = FB7669FA14A0A84B004D4055 /* Build configuration list for PBXProject "Calculator" */;
			compatibilityVersion = "Xcode 3.2";
			developmentRegion = English;
			hasScannedForEncodings = 0;
			knownRegions = (
				en,
			);
			mainGroup = FB7669F514A0A84B004D4055;
			productRefGroup = FB766A0114A0A84C004D4055 /* Products */;
			projectDirPath = "";
			projectRoot = "";
			targets = (
				FB7669FF14A0A84C004D4055 /* Calculator */,
			);
		};
/* End PBXProject section */

/* Begin PBXResourcesBuildPhase section */
		FB7669FE14A0A84C004D4055 /* Resources */ = {
			isa = PBXResourcesBuildPhase;
			buildActionMask = 2147483647;
			files = (
				FB766A0F14A0A84C004D4055 /* InfoPlist.strings in Resources */,
				FB766A1814A0A84C004D4055 /* MainStoryboard.storyboard in Resources */,
			);
			runOnlyForDeploymentPostprocessing = 0;
		};
/* End PBXResourcesBuildPhase section */

/* Begin PBXSourcesBuildPhase section */
		FB7669FC14A0A84C004D4055 /* Sources */ = {
			isa = PBXSourcesBuildPhase;
			buildActionMask = 2147483647;
			files = (
				FB766A1114A0A84C004D4055 /* main.m in Sources */,
				FB766A1514A0A84C004D4055 /* CalculatorAppDelegate.m in Sources */,
				FB766A1B14A0A84C004D4055 /* CalculatorViewController.m in Sources */,
				FB766A2314A0B56A004D4055 /* CalculatorBrain.m in Sources */,
			);
			runOnlyForDeploymentPostprocessing = 0;
		};
/* End PBXSourcesBuildPhase section */

/* Begin PBXVariantGroup section */
		FB766A0D14A0A84C004D4055 /* InfoPlist.strings */ = {
			isa = PBXVariantGroup;
			children = (
				FB766A0E14A0A84C004D4055 /* en */,
			);
			name = InfoPlist.strings;
			sourceTree = "<group>";
		};
		FB766A1614A0A84C004D4055 /* MainStoryboard.storyboard */ = {
			isa = PBXVariantGroup;
			children = (
				FB766A1714A0A84C004D4055 /* en */,
			);
			name = MainStoryboard.storyboard;
			sourceTree = "<group>";
		};
/* End PBXVariantGroup section */

/* Begin XCBuildConfiguration section */
		FB766A1C14A0A84C004D4055 /* Debug */ = {
			isa = XCBuildConfiguration;
			buildSettings = {
				ALWAYS_SEARCH_USER_PATHS = NO;
				ARCHS = "$(ARCHS_STANDARD_32_BIT)";
				CLANG_ENABLE_OBJC_ARC = YES;
				"CODE_SIGN_IDENTITY[sdk=iphoneos*]" = "iPhone Developer";
				COPY_PHASE_STRIP = NO;
				GCC_C_LANGUAGE_STANDARD = gnu99;
				GCC_DYNAMIC_NO_PIC = NO;
				GCC_OPTIMIZATION_LEVEL = 0;
				GCC_PREPROCESSOR_DEFINITIONS = (
					"DEBUG=1",
					"$(inherited)",
				);
				GCC_SYMBOLS_PRIVATE_EXTERN = NO;
				GCC_VERSION = com.apple.compilers.llvm.clang.1_0;
				GCC_WARN_ABOUT_MISSING_PROTOTYPES = YES;
				GCC_WARN_ABOUT_RETURN_TYPE = YES;
				GCC_WARN_UNUSED_VARIABLE = YES;
				IPHONEOS_DEPLOYMENT_TARGET = 5.0;
				SDKROOT = iphoneos;
			};
			name = Debug;
		};
		FB766A1D14A0A84C004D4055 /* Release */ = {
			isa = XCBuildConfiguration;
			buildSettings = {
				ALWAYS_SEARCH_USER_PATHS = NO;
				ARCHS = "$(ARCHS_STANDARD_32_BIT)";
				CLANG_ENABLE_OBJC_ARC = YES;
				"CODE_SIGN_IDENTITY[sdk=iphoneos*]" = "iPhone Developer";
				COPY_PHASE_STRIP = YES;
				GCC_C_LANGUAGE_STANDARD = gnu99;
				GCC_VERSION = com.apple.compilers.llvm.clang.1_0;
				GCC_WARN_ABOUT_MISSING_PROTOTYPES = YES;
				GCC_WARN_ABOUT_RETURN_TYPE = YES;
				GCC_WARN_UNUSED_VARIABLE = YES;
				IPHONEOS_DEPLOYMENT_TARGET = 5.0;
				OTHER_CFLAGS = "-DNS_BLOCK_ASSERTIONS=1";
				SDKROOT = iphoneos;
				VALIDATE_PRODUCT = YES;
			};
			name = Release;
		};
		FB766A1F14A0A84C004D4055 /* Debug */ = {
			isa = XCBuildConfiguration;
			buildSettings = {
				GCC_PRECOMPILE_PREFIX_HEADER = YES;
				GCC_PREFIX_HEADER = "Calculator/Calculator-Prefix.pch";
				INFOPLIST_FILE = "Calculator/Calculator-Info.plist";
				PRODUCT_NAME = "$(TARGET_NAME)";
				WRAPPER_EXTENSION = app;
			};
			name = Debug;
		};
		FB766A2014A0A84C004D4055 /* Release */ = {
			isa = XCBuildConfiguration;
			buildSettings = {
				GCC_PRECOMPILE_PREFIX_HEADER = YES;
				GCC_PREFIX_HEADER = "Calculator/Calculator-Prefix.pch";
				INFOPLIST_FILE = "Calculator/Calculator-Info.plist";
				PRODUCT_NAME = "$(TARGET_NAME)";
				WRAPPER_EXTENSION = app;
			};
			name = Release;
		};
/* End XCBuildConfiguration section */

/* Begin XCConfigurationList section */
		FB7669FA14A0A84B004D4055 /* Build configuration list for PBXProject "Calculator" */ = {
			isa = XCConfigurationList;
			buildConfigurations = (
				FB766A1C14A0A84C004D4055 /* Debug */,
				FB766A1D14A0A84C004D4055 /* Release */,
			);
			defaultConfigurationIsVisible = 0;
			defaultConfigurationName = Release;
		};
		FB766A1E14A0A84C004D4055 /* Build configuration list for PBXNativeTarget "Calculator" */ = {
			isa = XCConfigurationList;
			buildConfigurations = (
				FB766A1F14A0A84C004D4055 /* Debug */,
				FB766A2014A0A84C004D4055 /* Release */,
			);
			defaultConfigurationIsVisible = 0;
		};
/* End XCConfigurationList section */
	};
	rootObject = FB7669F714A0A84B004D4055 /* Project object */;
}
